
Microsoft Visual Studio Solution File, Format Version 12.00
# Visual Studio Version 17
VisualStudioVersion = 17.12.35707.178
MinimumVisualStudioVersion = 10.0.40219.1
Project("{FAE04EC0-301F-11D3-BF4B-00C04F79EFBC}") = "BridgeNativeHost", "BridgeNativeHost\BridgeNativeHost.csproj", "{ED54BA82-439D-4668-82B3-FCA32D6E6E86}"
EndProject
Project("{54435603-DBB4-11D2-8724-00A0C9A8B90C}") = "BridgeNativeHostInstaller", "BridgeNativeHostInstaller\BridgeNativeHostInstaller.vdproj", "{723192D0-D7C3-4023-970D-9612898DB4B3}"
EndProject
Project("{FAE04EC0-301F-11D3-BF4B-00C04F79EFBC}") = "NativeHostRegistrar", "NativeHostRegistrar\NativeHostRegistrar.csproj", "{BF9FBBDA-91B5-4860-98BA-3B8C59DEB9FC}"
EndProject
Global
	GlobalSection(SolutionConfigurationPlatforms) = preSolution
		Debug|Any CPU = Debug|Any CPU
		Release|Any CPU = Release|Any CPU
	EndGlobalSection
	GlobalSection(ProjectConfigurationPlatforms) = postSolution
		{ED54BA82-439D-4668-82B3-FCA32D6E6E86}.Debug|Any CPU.ActiveCfg = Debug|Any CPU
		{ED54BA82-439D-4668-82B3-FCA32D6E6E86}.Debug|Any CPU.Build.0 = Debug|Any CPU
		{ED54BA82-439D-4668-82B3-FCA32D6E6E86}.Release|Any CPU.ActiveCfg = Release|Any CPU
		{ED54BA82-439D-4668-82B3-FCA32D6E6E86}.Release|Any CPU.Build.0 = Release|Any CPU
		{723192D0-D7C3-4023-970D-9612898DB4B3}.Debug|Any CPU.ActiveCfg = Debug
		{723192D0-D7C3-4023-970D-9612898DB4B3}.Release|Any CPU.ActiveCfg = Release
		{BF9FBBDA-91B5-4860-98BA-3B8C59DEB9FC}.Debug|Any CPU.ActiveCfg = Debug|Any CPU
		{BF9FBBDA-91B5-4860-98BA-3B8C59DEB9FC}.Debug|Any CPU.Build.0 = Debug|Any CPU
		{BF9FBBDA-91B5-4860-98BA-3B8C59DEB9FC}.Release|Any CPU.ActiveCfg = Release|Any CPU
		{BF9FBBDA-91B5-4860-98BA-3B8C59DEB9FC}.Release|Any CPU.Build.0 = Release|Any CPU
	EndGlobalSection
	GlobalSection(SolutionProperties) = preSolution
		HideSolutionNode = FALSE
	EndGlobalSection
EndGlobal
